
Microsoft Visual Studio Solution File, Format Version 12.00
# Visual Studio Version 17
VisualStudioVersion = 17.4.33110.190
MinimumVisualStudioVersion = 10.0.40219.1
Project("{FAE04EC0-301F-11D3-BF4B-00C04F79EFBC}") = "RabbitMQ.Publisher", "RabbitMQ.Publisher\RabbitMQ.Publisher.csproj", "{6EB2471C-8459-456C-9749-CBEC1D59803F}"
EndProject
Project("{FAE04EC0-301F-11D3-BF4B-00C04F79EFBC}") = "RabbitMQ.Consumer", "RabbitMQ.Consumer\RabbitMQ.Consumer.csproj", "{A8339E00-B287-4833-B716-B171F15ECB93}"
EndProject
Global
	GlobalSection(SolutionConfigurationPlatforms) = preSolution
		Debug|Any CPU = Debug|Any CPU
		Release|Any CPU = Release|Any CPU
	EndGlobalSection
	GlobalSection(ProjectConfigurationPlatforms) = postSolution
		{6EB2471C-8459-456C-9749-CBEC1D59803F}.Debug|Any CPU.ActiveCfg = Debug|Any CPU
		{6EB2471C-8459-456C-9749-CBEC1D59803F}.Debug|Any CPU.Build.0 = Debug|Any CPU
		{6EB2471C-8459-456C-9749-CBEC1D59803F}.Release|Any CPU.ActiveCfg = Release|Any CPU
		{6EB2471C-8459-456C-9749-CBEC1D59803F}.Release|Any CPU.Build.0 = Release|Any CPU
		{A8339E00-B287-4833-B716-B171F15ECB93}.Debug|Any CPU.ActiveCfg = Debug|Any CPU
		{A8339E00-B287-4833-B716-B171F15ECB93}.Debug|Any CPU.Build.0 = Debug|Any CPU
		{A8339E00-B287-4833-B716-B171F15ECB93}.Release|Any CPU.ActiveCfg = Release|Any CPU
		{A8339E00-B287-4833-B716-B171F15ECB93}.Release|Any CPU.Build.0 = Release|Any CPU
	EndGlobalSection
	GlobalSection(SolutionProperties) = preSolution
		HideSolutionNode = FALSE
	EndGlobalSection
	GlobalSection(ExtensibilityGlobals) = postSolution
		SolutionGuid = {A0BF0854-BDDA-4ACE-8CD3-2A106034512C}
	EndGlobalSection
EndGlobal
